// !$*UTF8*$!
{
	archiveVersion = 1;
	classes = {
	};
	objectVersion = 56;
	objects = {

/* Begin PBXBuildFile section */
		023AB5062B40EC06001B6F67 /* GFEmptyStateView.swift in Sources */ = {isa = PBXBuildFile; fileRef = 023AB5052B40EC06001B6F67 /* GFEmptyStateView.swift */; };
		0249D38A2B42A38D00285CC4 /* GFItemInfoView.swift in Sources */ = {isa = PBXBuildFile; fileRef = 0249D3892B42A38D00285CC4 /* GFItemInfoView.swift */; };
		0249D38C2B42B1EB00285CC4 /* GFItemInfoViewController.swift in Sources */ = {isa = PBXBuildFile; fileRef = 0249D38B2B42B1EB00285CC4 /* GFItemInfoViewController.swift */; };
		0249D38E2B42B74100285CC4 /* UserReposViewController.swift in Sources */ = {isa = PBXBuildFile; fileRef = 0249D38D2B42B74100285CC4 /* UserReposViewController.swift */; };
		0249D3902B42BBC100285CC4 /* UserFollowersViewController.swift in Sources */ = {isa = PBXBuildFile; fileRef = 0249D38F2B42BBC100285CC4 /* UserFollowersViewController.swift */; };
		0265DF332B414E26000FE93A /* UserInfoViewController.swift in Sources */ = {isa = PBXBuildFile; fileRef = 0265DF322B414E26000FE93A /* UserInfoViewController.swift */; };
		0265DF362B419E21000FE93A /* GFSecondaryTitleLabel.swift in Sources */ = {isa = PBXBuildFile; fileRef = 0265DF352B419E21000FE93A /* GFSecondaryTitleLabel.swift */; };
		0265DF382B41A509000FE93A /* UserInfoHeaderViewController.swift in Sources */ = {isa = PBXBuildFile; fileRef = 0265DF372B41A509000FE93A /* UserInfoHeaderViewController.swift */; };
		0265DF3A2B41B175000FE93A /* Constants.swift in Sources */ = {isa = PBXBuildFile; fileRef = 0265DF392B41B175000FE93A /* Constants.swift */; };
		02D019712B40C447009C7185 /* UIHelper.swift in Sources */ = {isa = PBXBuildFile; fileRef = 02D019702B40C447009C7185 /* UIHelper.swift */; };
		2744164429E5687D00919B18 /* AppDelegate.swift in Sources */ = {isa = PBXBuildFile; fileRef = 2744164329E5687D00919B18 /* AppDelegate.swift */; };
		2744164629E5687D00919B18 /* SceneDelegate.swift in Sources */ = {isa = PBXBuildFile; fileRef = 2744164529E5687D00919B18 /* SceneDelegate.swift */; };
		2744164D29E5687E00919B18 /* Assets.xcassets in Resources */ = {isa = PBXBuildFile; fileRef = 2744164C29E5687E00919B18 /* Assets.xcassets */; };
		2744165029E5687E00919B18 /* LaunchScreen.storyboard in Resources */ = {isa = PBXBuildFile; fileRef = 2744164E29E5687E00919B18 /* LaunchScreen.storyboard */; };
		2744165829E5719800919B18 /* SearchViewController.swift in Sources */ = {isa = PBXBuildFile; fileRef = 2744165729E5719800919B18 /* SearchViewController.swift */; };
		2744165A29E571D700919B18 /* FavoritesListViewController.swift in Sources */ = {isa = PBXBuildFile; fileRef = 2744165929E571D700919B18 /* FavoritesListViewController.swift */; };
		278BAF0429E74E0600B6F7D2 /* GFButton.swift in Sources */ = {isa = PBXBuildFile; fileRef = 278BAF0329E74E0500B6F7D2 /* GFButton.swift */; };
		278BAF0729E7578A00B6F7D2 /* GFTextField.swift in Sources */ = {isa = PBXBuildFile; fileRef = 278BAF0629E7578A00B6F7D2 /* GFTextField.swift */; };
		278BAF0929E76DF600B6F7D2 /* FollowersListViewController.swift in Sources */ = {isa = PBXBuildFile; fileRef = 278BAF0829E76DF600B6F7D2 /* FollowersListViewController.swift */; };
		278BAF0B29E788EB00B6F7D2 /* String+Extension.swift in Sources */ = {isa = PBXBuildFile; fileRef = 278BAF0A29E788EB00B6F7D2 /* String+Extension.swift */; };
		278BAF0D29E78C6500B6F7D2 /* GFTitleLabel.swift in Sources */ = {isa = PBXBuildFile; fileRef = 278BAF0C29E78C6500B6F7D2 /* GFTitleLabel.swift */; };
		278BAF0F29E78E8700B6F7D2 /* GFBodyLabel.swift in Sources */ = {isa = PBXBuildFile; fileRef = 278BAF0E29E78E8700B6F7D2 /* GFBodyLabel.swift */; };
		278BAF1129E78F5B00B6F7D2 /* GFAlertViewController.swift in Sources */ = {isa = PBXBuildFile; fileRef = 278BAF1029E78F5B00B6F7D2 /* GFAlertViewController.swift */; };
		278BAF1329E7B80B00B6F7D2 /* UIViewController+Extension.swift in Sources */ = {isa = PBXBuildFile; fileRef = 278BAF1229E7B80B00B6F7D2 /* UIViewController+Extension.swift */; };
		278BAF1C29E7C6D800B6F7D2 /* Follower.swift in Sources */ = {isa = PBXBuildFile; fileRef = 278BAF1B29E7C6D800B6F7D2 /* Follower.swift */; };
		278BAF1E29E7C7FA00B6F7D2 /* User.swift in Sources */ = {isa = PBXBuildFile; fileRef = 278BAF1D29E7C7FA00B6F7D2 /* User.swift */; };
		278BAF2129E7D97700B6F7D2 /* NetworkManager.swift in Sources */ = {isa = PBXBuildFile; fileRef = 278BAF2029E7D97700B6F7D2 /* NetworkManager.swift */; };
		278BAF2629E82CEE00B6F7D2 /* GFError.swift in Sources */ = {isa = PBXBuildFile; fileRef = 278BAF2529E82CEE00B6F7D2 /* GFError.swift */; };
		278BAF2929E860BC00B6F7D2 /* FollowerCollectionViewCell.swift in Sources */ = {isa = PBXBuildFile; fileRef = 278BAF2829E860BC00B6F7D2 /* FollowerCollectionViewCell.swift */; };
		278BAF2B29E8615C00B6F7D2 /* GFAvatarImageView.swift in Sources */ = {isa = PBXBuildFile; fileRef = 278BAF2A29E8615C00B6F7D2 /* GFAvatarImageView.swift */; };
/* End PBXBuildFile section */

/* Begin PBXFileReference section */
		023AB5052B40EC06001B6F67 /* GFEmptyStateView.swift */ = {isa = PBXFileReference; lastKnownFileType = sourcecode.swift; path = GFEmptyStateView.swift; sourceTree = "<group>"; };
		0249D3892B42A38D00285CC4 /* GFItemInfoView.swift */ = {isa = PBXFileReference; lastKnownFileType = sourcecode.swift; path = GFItemInfoView.swift; sourceTree = "<group>"; };
		0249D38B2B42B1EB00285CC4 /* GFItemInfoViewController.swift */ = {isa = PBXFileReference; lastKnownFileType = sourcecode.swift; path = GFItemInfoViewController.swift; sourceTree = "<group>"; };
		0249D38D2B42B74100285CC4 /* UserReposViewController.swift */ = {isa = PBXFileReference; lastKnownFileType = sourcecode.swift; path = UserReposViewController.swift; sourceTree = "<group>"; };
		0249D38F2B42BBC100285CC4 /* UserFollowersViewController.swift */ = {isa = PBXFileReference; lastKnownFileType = sourcecode.swift; path = UserFollowersViewController.swift; sourceTree = "<group>"; };
		0265DF322B414E26000FE93A /* UserInfoViewController.swift */ = {isa = PBXFileReference; lastKnownFileType = sourcecode.swift; path = UserInfoViewController.swift; sourceTree = "<group>"; };
		0265DF352B419E21000FE93A /* GFSecondaryTitleLabel.swift */ = {isa = PBXFileReference; lastKnownFileType = sourcecode.swift; path = GFSecondaryTitleLabel.swift; sourceTree = "<group>"; };
		0265DF372B41A509000FE93A /* UserInfoHeaderViewController.swift */ = {isa = PBXFileReference; lastKnownFileType = sourcecode.swift; path = UserInfoHeaderViewController.swift; sourceTree = "<group>"; };
		0265DF392B41B175000FE93A /* Constants.swift */ = {isa = PBXFileReference; lastKnownFileType = sourcecode.swift; path = Constants.swift; sourceTree = "<group>"; };
		02D019702B40C447009C7185 /* UIHelper.swift */ = {isa = PBXFileReference; lastKnownFileType = sourcecode.swift; path = UIHelper.swift; sourceTree = "<group>"; };
		2744164029E5687D00919B18 /* GitFollowers.app */ = {isa = PBXFileReference; explicitFileType = wrapper.application; includeInIndex = 0; path = GitFollowers.app; sourceTree = BUILT_PRODUCTS_DIR; };
		2744164329E5687D00919B18 /* AppDelegate.swift */ = {isa = PBXFileReference; lastKnownFileType = sourcecode.swift; path = AppDelegate.swift; sourceTree = "<group>"; };
		2744164529E5687D00919B18 /* SceneDelegate.swift */ = {isa = PBXFileReference; lastKnownFileType = sourcecode.swift; path = SceneDelegate.swift; sourceTree = "<group>"; };
		2744164C29E5687E00919B18 /* Assets.xcassets */ = {isa = PBXFileReference; lastKnownFileType = folder.assetcatalog; path = Assets.xcassets; sourceTree = "<group>"; };
		2744164F29E5687E00919B18 /* Base */ = {isa = PBXFileReference; lastKnownFileType = file.storyboard; name = Base; path = Base.lproj/LaunchScreen.storyboard; sourceTree = "<group>"; };
		2744165129E5687E00919B18 /* Info.plist */ = {isa = PBXFileReference; lastKnownFileType = text.plist.xml; path = Info.plist; sourceTree = "<group>"; };
		2744165729E5719800919B18 /* SearchViewController.swift */ = {isa = PBXFileReference; lastKnownFileType = sourcecode.swift; path = SearchViewController.swift; sourceTree = "<group>"; };
		2744165929E571D700919B18 /* FavoritesListViewController.swift */ = {isa = PBXFileReference; lastKnownFileType = sourcecode.swift; path = FavoritesListViewController.swift; sourceTree = "<group>"; };
		278BAF0329E74E0500B6F7D2 /* GFButton.swift */ = {isa = PBXFileReference; lastKnownFileType = sourcecode.swift; path = GFButton.swift; sourceTree = "<group>"; };
		278BAF0629E7578A00B6F7D2 /* GFTextField.swift */ = {isa = PBXFileReference; lastKnownFileType = sourcecode.swift; path = GFTextField.swift; sourceTree = "<group>"; };
		278BAF0829E76DF600B6F7D2 /* FollowersListViewController.swift */ = {isa = PBXFileReference; lastKnownFileType = sourcecode.swift; path = FollowersListViewController.swift; sourceTree = "<group>"; };
		278BAF0A29E788EB00B6F7D2 /* String+Extension.swift */ = {isa = PBXFileReference; lastKnownFileType = sourcecode.swift; path = "String+Extension.swift"; sourceTree = "<group>"; };
		278BAF0C29E78C6500B6F7D2 /* GFTitleLabel.swift */ = {isa = PBXFileReference; lastKnownFileType = sourcecode.swift; path = GFTitleLabel.swift; sourceTree = "<group>"; };
		278BAF0E29E78E8700B6F7D2 /* GFBodyLabel.swift */ = {isa = PBXFileReference; lastKnownFileType = sourcecode.swift; path = GFBodyLabel.swift; sourceTree = "<group>"; };
		278BAF1029E78F5B00B6F7D2 /* GFAlertViewController.swift */ = {isa = PBXFileReference; lastKnownFileType = sourcecode.swift; path = GFAlertViewController.swift; sourceTree = "<group>"; };
		278BAF1229E7B80B00B6F7D2 /* UIViewController+Extension.swift */ = {isa = PBXFileReference; lastKnownFileType = sourcecode.swift; path = "UIViewController+Extension.swift"; sourceTree = "<group>"; };
		278BAF1929E7C44B00B6F7D2 /* README.md */ = {isa = PBXFileReference; lastKnownFileType = net.daringfireball.markdown; path = README.md; sourceTree = "<group>"; };
		278BAF1B29E7C6D800B6F7D2 /* Follower.swift */ = {isa = PBXFileReference; lastKnownFileType = sourcecode.swift; path = Follower.swift; sourceTree = "<group>"; };
		278BAF1D29E7C7FA00B6F7D2 /* User.swift */ = {isa = PBXFileReference; lastKnownFileType = sourcecode.swift; path = User.swift; sourceTree = "<group>"; };
		278BAF2029E7D97700B6F7D2 /* NetworkManager.swift */ = {isa = PBXFileReference; lastKnownFileType = sourcecode.swift; path = NetworkManager.swift; sourceTree = "<group>"; };
		278BAF2529E82CEE00B6F7D2 /* GFError.swift */ = {isa = PBXFileReference; lastKnownFileType = sourcecode.swift; path = GFError.swift; sourceTree = "<group>"; };
		278BAF2829E860BC00B6F7D2 /* FollowerCollectionViewCell.swift */ = {isa = PBXFileReference; lastKnownFileType = sourcecode.swift; path = FollowerCollectionViewCell.swift; sourceTree = "<group>"; };
		278BAF2A29E8615C00B6F7D2 /* GFAvatarImageView.swift */ = {isa = PBXFileReference; lastKnownFileType = sourcecode.swift; path = GFAvatarImageView.swift; sourceTree = "<group>"; };
/* End PBXFileReference section */

/* Begin PBXFrameworksBuildPhase section */
		2744163D29E5687D00919B18 /* Frameworks */ = {
			isa = PBXFrameworksBuildPhase;
			buildActionMask = 2147483647;
			files = (
			);
			runOnlyForDeploymentPostprocessing = 0;
		};
/* End PBXFrameworksBuildPhase section */

/* Begin PBXGroup section */
		0265DF342B415883000FE93A /* UserInfo */ = {
			isa = PBXGroup;
			children = (
				0265DF322B414E26000FE93A /* UserInfoViewController.swift */,
				0265DF372B41A509000FE93A /* UserInfoHeaderViewController.swift */,
				0249D38D2B42B74100285CC4 /* UserReposViewController.swift */,
				0249D38F2B42BBC100285CC4 /* UserFollowersViewController.swift */,
			);
			path = UserInfo;
			sourceTree = "<group>";
		};
		02D0196E2B406593009C7185 /* Search */ = {
			isa = PBXGroup;
			children = (
				2744165729E5719800919B18 /* SearchViewController.swift */,
			);
			path = Search;
			sourceTree = "<group>";
		};
		02D0196F2B40659F009C7185 /* Favorites */ = {
			isa = PBXGroup;
			children = (
				2744165929E571D700919B18 /* FavoritesListViewController.swift */,
			);
			path = Favorites;
			sourceTree = "<group>";
		};
		2744163729E5687D00919B18 = {
			isa = PBXGroup;
			children = (
				278BAF1929E7C44B00B6F7D2 /* README.md */,
				2744164229E5687D00919B18 /* GitFollowers */,
				2744164129E5687D00919B18 /* Products */,
			);
			sourceTree = "<group>";
		};
		2744164129E5687D00919B18 /* Products */ = {
			isa = PBXGroup;
			children = (
				2744164029E5687D00919B18 /* GitFollowers.app */,
			);
			name = Products;
			sourceTree = "<group>";
		};
		2744164229E5687D00919B18 /* GitFollowers */ = {
			isa = PBXGroup;
			children = (
				278BAF1629E7BC8B00B6F7D2 /* App */,
				278BAF1F29E7D96500B6F7D2 /* Managers */,
				278BAF1A29E7C68600B6F7D2 /* Model */,
				278BAF1429E7BC3F00B6F7D2 /* Screens */,
				278BAF0529E7576B00B6F7D2 /* Core */,
				278BAF1529E7BC6E00B6F7D2 /* Supporting Files */,
			);
			path = GitFollowers;
			sourceTree = "<group>";
		};
		278BAF0529E7576B00B6F7D2 /* Core */ = {
			isa = PBXGroup;
			children = (
				278BAF2429E82C8A00B6F7D2 /* Utilities */,
				278BAF1729E7BCDB00B6F7D2 /* Extensions */,
				278BAF1829E7BCED00B6F7D2 /* Base */,
			);
			path = Core;
			sourceTree = "<group>";
		};
		278BAF1429E7BC3F00B6F7D2 /* Screens */ = {
			isa = PBXGroup;
			children = (
				02D0196E2B406593009C7185 /* Search */,
				02D0196F2B40659F009C7185 /* Favorites */,
				278BAF2729E8608E00B6F7D2 /* Followers */,
				0265DF342B415883000FE93A /* UserInfo */,
			);
			path = Screens;
			sourceTree = "<group>";
		};
		278BAF1529E7BC6E00B6F7D2 /* Supporting Files */ = {
			isa = PBXGroup;
			children = (
				2744164E29E5687E00919B18 /* LaunchScreen.storyboard */,
				2744164C29E5687E00919B18 /* Assets.xcassets */,
				2744165129E5687E00919B18 /* Info.plist */,
			);
			name = "Supporting Files";
			sourceTree = "<group>";
		};
		278BAF1629E7BC8B00B6F7D2 /* App */ = {
			isa = PBXGroup;
			children = (
				2744164329E5687D00919B18 /* AppDelegate.swift */,
				2744164529E5687D00919B18 /* SceneDelegate.swift */,
			);
			path = App;
			sourceTree = "<group>";
		};
		278BAF1729E7BCDB00B6F7D2 /* Extensions */ = {
			isa = PBXGroup;
			children = (
				278BAF0A29E788EB00B6F7D2 /* String+Extension.swift */,
				278BAF1229E7B80B00B6F7D2 /* UIViewController+Extension.swift */,
			);
			path = Extensions;
			sourceTree = "<group>";
		};
		278BAF1829E7BCED00B6F7D2 /* Base */ = {
			isa = PBXGroup;
			children = (
				0249D3892B42A38D00285CC4 /* GFItemInfoView.swift */,
				0249D38B2B42B1EB00285CC4 /* GFItemInfoViewController.swift */,
				278BAF1029E78F5B00B6F7D2 /* GFAlertViewController.swift */,
				023AB5052B40EC06001B6F67 /* GFEmptyStateView.swift */,
				278BAF0329E74E0500B6F7D2 /* GFButton.swift */,
				278BAF0629E7578A00B6F7D2 /* GFTextField.swift */,
				278BAF0C29E78C6500B6F7D2 /* GFTitleLabel.swift */,
				278BAF0E29E78E8700B6F7D2 /* GFBodyLabel.swift */,
				278BAF2A29E8615C00B6F7D2 /* GFAvatarImageView.swift */,
				0265DF352B419E21000FE93A /* GFSecondaryTitleLabel.swift */,
			);
			path = Base;
			sourceTree = "<group>";
		};
		278BAF1A29E7C68600B6F7D2 /* Model */ = {
			isa = PBXGroup;
			children = (
				278BAF1B29E7C6D800B6F7D2 /* Follower.swift */,
				278BAF1D29E7C7FA00B6F7D2 /* User.swift */,
			);
			path = Model;
			sourceTree = "<group>";
		};
		278BAF1F29E7D96500B6F7D2 /* Managers */ = {
			isa = PBXGroup;
			children = (
				278BAF2029E7D97700B6F7D2 /* NetworkManager.swift */,
			);
			path = Managers;
			sourceTree = "<group>";
		};
		278BAF2429E82C8A00B6F7D2 /* Utilities */ = {
			isa = PBXGroup;
			children = (
				278BAF2529E82CEE00B6F7D2 /* GFError.swift */,
				02D019702B40C447009C7185 /* UIHelper.swift */,
				0265DF392B41B175000FE93A /* Constants.swift */,
			);
			path = Utilities;
			sourceTree = "<group>";
		};
		278BAF2729E8608E00B6F7D2 /* Followers */ = {
			isa = PBXGroup;
			children = (
				278BAF0829E76DF600B6F7D2 /* FollowersListViewController.swift */,
				278BAF2829E860BC00B6F7D2 /* FollowerCollectionViewCell.swift */,
			);
			path = Followers;
			sourceTree = "<group>";
		};
/* End PBXGroup section */

/* Begin PBXNativeTarget section */
		2744163F29E5687D00919B18 /* GitFollowers */ = {
			isa = PBXNativeTarget;
			buildConfigurationList = 2744165429E5687E00919B18 /* Build configuration list for PBXNativeTarget "GitFollowers" */;
			buildPhases = (
				2744163C29E5687D00919B18 /* Sources */,
				2744163D29E5687D00919B18 /* Frameworks */,
				2744163E29E5687D00919B18 /* Resources */,
			);
			buildRules = (
			);
			dependencies = (
			);
			name = GitFollowers;
			productName = GitFollowers;
			productReference = 2744164029E5687D00919B18 /* GitFollowers.app */;
			productType = "com.apple.product-type.application";
		};
/* End PBXNativeTarget section */

/* Begin PBXProject section */
		2744163829E5687D00919B18 /* Project object */ = {
			isa = PBXProject;
			attributes = {
				BuildIndependentTargetsInParallel = 1;
				LastSwiftUpdateCheck = 1430;
				LastUpgradeCheck = 1500;
				TargetAttributes = {
					2744163F29E5687D00919B18 = {
						CreatedOnToolsVersion = 14.3;
					};
				};
			};
			buildConfigurationList = 2744163B29E5687D00919B18 /* Build configuration list for PBXProject "GitFollowers" */;
			compatibilityVersion = "Xcode 14.0";
			developmentRegion = en;
			hasScannedForEncodings = 0;
			knownRegions = (
				en,
				Base,
			);
			mainGroup = 2744163729E5687D00919B18;
			productRefGroup = 2744164129E5687D00919B18 /* Products */;
			projectDirPath = "";
			projectRoot = "";
			targets = (
				2744163F29E5687D00919B18 /* GitFollowers */,
			);
		};
/* End PBXProject section */

/* Begin PBXResourcesBuildPhase section */
		2744163E29E5687D00919B18 /* Resources */ = {
			isa = PBXResourcesBuildPhase;
			buildActionMask = 2147483647;
			files = (
				2744165029E5687E00919B18 /* LaunchScreen.storyboard in Resources */,
				2744164D29E5687E00919B18 /* Assets.xcassets in Resources */,
			);
			runOnlyForDeploymentPostprocessing = 0;
		};
/* End PBXResourcesBuildPhase section */

/* Begin PBXSourcesBuildPhase section */
		2744163C29E5687D00919B18 /* Sources */ = {
			isa = PBXSourcesBuildPhase;
			buildActionMask = 2147483647;
			files = (
				2744165A29E571D700919B18 /* FavoritesListViewController.swift in Sources */,
				0265DF332B414E26000FE93A /* UserInfoViewController.swift in Sources */,
				278BAF1329E7B80B00B6F7D2 /* UIViewController+Extension.swift in Sources */,
				278BAF0B29E788EB00B6F7D2 /* String+Extension.swift in Sources */,
				278BAF0429E74E0600B6F7D2 /* GFButton.swift in Sources */,
				2744164429E5687D00919B18 /* AppDelegate.swift in Sources */,
				023AB5062B40EC06001B6F67 /* GFEmptyStateView.swift in Sources */,
				278BAF0929E76DF600B6F7D2 /* FollowersListViewController.swift in Sources */,
				278BAF1E29E7C7FA00B6F7D2 /* User.swift in Sources */,
				278BAF0F29E78E8700B6F7D2 /* GFBodyLabel.swift in Sources */,
				278BAF2B29E8615C00B6F7D2 /* GFAvatarImageView.swift in Sources */,
				278BAF2929E860BC00B6F7D2 /* FollowerCollectionViewCell.swift in Sources */,
				278BAF1C29E7C6D800B6F7D2 /* Follower.swift in Sources */,
				0265DF382B41A509000FE93A /* UserInfoHeaderViewController.swift in Sources */,
				2744165829E5719800919B18 /* SearchViewController.swift in Sources */,
				2744164629E5687D00919B18 /* SceneDelegate.swift in Sources */,
				0265DF362B419E21000FE93A /* GFSecondaryTitleLabel.swift in Sources */,
				278BAF0D29E78C6500B6F7D2 /* GFTitleLabel.swift in Sources */,
				278BAF2629E82CEE00B6F7D2 /* GFError.swift in Sources */,
				0249D38E2B42B74100285CC4 /* UserReposViewController.swift in Sources */,
				02D019712B40C447009C7185 /* UIHelper.swift in Sources */,
				0249D3902B42BBC100285CC4 /* UserFollowersViewController.swift in Sources */,
				0249D38C2B42B1EB00285CC4 /* GFItemInfoViewController.swift in Sources */,
				278BAF2129E7D97700B6F7D2 /* NetworkManager.swift in Sources */,
				278BAF1129E78F5B00B6F7D2 /* GFAlertViewController.swift in Sources */,
				0249D38A2B42A38D00285CC4 /* GFItemInfoView.swift in Sources */,
				278BAF0729E7578A00B6F7D2 /* GFTextField.swift in Sources */,
				0265DF3A2B41B175000FE93A /* Constants.swift in Sources */,
			);
			runOnlyForDeploymentPostprocessing = 0;
		};
/* End PBXSourcesBuildPhase section */

/* Begin PBXVariantGroup section */
		2744164E29E5687E00919B18 /* LaunchScreen.storyboard */ = {
			isa = PBXVariantGroup;
			children = (
				2744164F29E5687E00919B18 /* Base */,
			);
			name = LaunchScreen.storyboard;
			sourceTree = "<group>";
		};
/* End PBXVariantGroup section */

/* Begin XCBuildConfiguration section */
		2744165229E5687E00919B18 /* Debug */ = {
			isa = XCBuildConfiguration;
			buildSettings = {
				ALWAYS_SEARCH_USER_PATHS = NO;
				ASSETCATALOG_COMPILER_GENERATE_SWIFT_ASSET_SYMBOL_EXTENSIONS = YES;
				CLANG_ANALYZER_NONNULL = YES;
				CLANG_ANALYZER_NUMBER_OBJECT_CONVERSION = YES_AGGRESSIVE;
				CLANG_CXX_LANGUAGE_STANDARD = "gnu++20";
				CLANG_ENABLE_MODULES = YES;
				CLANG_ENABLE_OBJC_ARC = YES;
				CLANG_ENABLE_OBJC_WEAK = YES;
				CLANG_WARN_BLOCK_CAPTURE_AUTORELEASING = YES;
				CLANG_WARN_BOOL_CONVERSION = YES;
				CLANG_WARN_COMMA = YES;
				CLANG_WARN_CONSTANT_CONVERSION = YES;
				CLANG_WARN_DEPRECATED_OBJC_IMPLEMENTATIONS = YES;
				CLANG_WARN_DIRECT_OBJC_ISA_USAGE = YES_ERROR;
				CLANG_WARN_DOCUMENTATION_COMMENTS = YES;
				CLANG_WARN_EMPTY_BODY = YES;
				CLANG_WARN_ENUM_CONVERSION = YES;
				CLANG_WARN_INFINITE_RECURSION = YES;
				CLANG_WARN_INT_CONVERSION = YES;
				CLANG_WARN_NON_LITERAL_NULL_CONVERSION = YES;
				CLANG_WARN_OBJC_IMPLICIT_RETAIN_SELF = YES;
				CLANG_WARN_OBJC_LITERAL_CONVERSION = YES;
				CLANG_WARN_OBJC_ROOT_CLASS = YES_ERROR;
				CLANG_WARN_QUOTED_INCLUDE_IN_FRAMEWORK_HEADER = YES;
				CLANG_WARN_RANGE_LOOP_ANALYSIS = YES;
				CLANG_WARN_STRICT_PROTOTYPES = YES;
				CLANG_WARN_SUSPICIOUS_MOVE = YES;
				CLANG_WARN_UNGUARDED_AVAILABILITY = YES_AGGRESSIVE;
				CLANG_WARN_UNREACHABLE_CODE = YES;
				CLANG_WARN__DUPLICATE_METHOD_MATCH = YES;
				COPY_PHASE_STRIP = NO;
				DEBUG_INFORMATION_FORMAT = dwarf;
				ENABLE_STRICT_OBJC_MSGSEND = YES;
				ENABLE_TESTABILITY = YES;
				ENABLE_USER_SCRIPT_SANDBOXING = YES;
				GCC_C_LANGUAGE_STANDARD = gnu11;
				GCC_DYNAMIC_NO_PIC = NO;
				GCC_NO_COMMON_BLOCKS = YES;
				GCC_OPTIMIZATION_LEVEL = 0;
				GCC_PREPROCESSOR_DEFINITIONS = (
					"DEBUG=1",
					"$(inherited)",
				);
				GCC_WARN_64_TO_32_BIT_CONVERSION = YES;
				GCC_WARN_ABOUT_RETURN_TYPE = YES_ERROR;
				GCC_WARN_UNDECLARED_SELECTOR = YES;
				GCC_WARN_UNINITIALIZED_AUTOS = YES_AGGRESSIVE;
				GCC_WARN_UNUSED_FUNCTION = YES;
				GCC_WARN_UNUSED_VARIABLE = YES;
				IPHONEOS_DEPLOYMENT_TARGET = 16.4;
				MTL_ENABLE_DEBUG_INFO = INCLUDE_SOURCE;
				MTL_FAST_MATH = YES;
				ONLY_ACTIVE_ARCH = YES;
				SDKROOT = iphoneos;
				SWIFT_ACTIVE_COMPILATION_CONDITIONS = DEBUG;
				SWIFT_OPTIMIZATION_LEVEL = "-Onone";
			};
			name = Debug;
		};
		2744165329E5687E00919B18 /* Release */ = {
			isa = XCBuildConfiguration;
			buildSettings = {
				ALWAYS_SEARCH_USER_PATHS = NO;
				ASSETCATALOG_COMPILER_GENERATE_SWIFT_ASSET_SYMBOL_EXTENSIONS = YES;
				CLANG_ANALYZER_NONNULL = YES;
				CLANG_ANALYZER_NUMBER_OBJECT_CONVERSION = YES_AGGRESSIVE;
				CLANG_CXX_LANGUAGE_STANDARD = "gnu++20";
				CLANG_ENABLE_MODULES = YES;
				CLANG_ENABLE_OBJC_ARC = YES;
				CLANG_ENABLE_OBJC_WEAK = YES;
				CLANG_WARN_BLOCK_CAPTURE_AUTORELEASING = YES;
				CLANG_WARN_BOOL_CONVERSION = YES;
				CLANG_WARN_COMMA = YES;
				CLANG_WARN_CONSTANT_CONVERSION = YES;
				CLANG_WARN_DEPRECATED_OBJC_IMPLEMENTATIONS = YES;
				CLANG_WARN_DIRECT_OBJC_ISA_USAGE = YES_ERROR;
				CLANG_WARN_DOCUMENTATION_COMMENTS = YES;
				CLANG_WARN_EMPTY_BODY = YES;
				CLANG_WARN_ENUM_CONVERSION = YES;
				CLANG_WARN_INFINITE_RECURSION = YES;
				CLANG_WARN_INT_CONVERSION = YES;
				CLANG_WARN_NON_LITERAL_NULL_CONVERSION = YES;
				CLANG_WARN_OBJC_IMPLICIT_RETAIN_SELF = YES;
				CLANG_WARN_OBJC_LITERAL_CONVERSION = YES;
				CLANG_WARN_OBJC_ROOT_CLASS = YES_ERROR;
				CLANG_WARN_QUOTED_INCLUDE_IN_FRAMEWORK_HEADER = YES;
				CLANG_WARN_RANGE_LOOP_ANALYSIS = YES;
				CLANG_WARN_STRICT_PROTOTYPES = YES;
				CLANG_WARN_SUSPICIOUS_MOVE = YES;
				CLANG_WARN_UNGUARDED_AVAILABILITY = YES_AGGRESSIVE;
				CLANG_WARN_UNREACHABLE_CODE = YES;
				CLANG_WARN__DUPLICATE_METHOD_MATCH = YES;
				COPY_PHASE_STRIP = NO;
				DEBUG_INFORMATION_FORMAT = "dwarf-with-dsym";
				ENABLE_NS_ASSERTIONS = NO;
				ENABLE_STRICT_OBJC_MSGSEND = YES;
				ENABLE_USER_SCRIPT_SANDBOXING = YES;
				GCC_C_LANGUAGE_STANDARD = gnu11;
				GCC_NO_COMMON_BLOCKS = YES;
				GCC_WARN_64_TO_32_BIT_CONVERSION = YES;
				GCC_WARN_ABOUT_RETURN_TYPE = YES_ERROR;
				GCC_WARN_UNDECLARED_SELECTOR = YES;
				GCC_WARN_UNINITIALIZED_AUTOS = YES_AGGRESSIVE;
				GCC_WARN_UNUSED_FUNCTION = YES;
				GCC_WARN_UNUSED_VARIABLE = YES;
				IPHONEOS_DEPLOYMENT_TARGET = 16.4;
				MTL_ENABLE_DEBUG_INFO = NO;
				MTL_FAST_MATH = YES;
				SDKROOT = iphoneos;
				SWIFT_COMPILATION_MODE = wholemodule;
				SWIFT_OPTIMIZATION_LEVEL = "-O";
				VALIDATE_PRODUCT = YES;
			};
			name = Release;
		};
		2744165529E5687E00919B18 /* Debug */ = {
			isa = XCBuildConfiguration;
			buildSettings = {
				ASSETCATALOG_COMPILER_APPICON_NAME = AppIcon;
				ASSETCATALOG_COMPILER_GLOBAL_ACCENT_COLOR_NAME = AccentColor;
				CODE_SIGN_STYLE = Automatic;
				CURRENT_PROJECT_VERSION = 1;
				DEVELOPMENT_TEAM = 723HTEFHBA;
				GENERATE_INFOPLIST_FILE = YES;
				INFOPLIST_FILE = GitFollowers/Info.plist;
				INFOPLIST_KEY_LSApplicationCategoryType = "public.app-category.developer-tools";
				INFOPLIST_KEY_UIApplicationSupportsIndirectInputEvents = YES;
				INFOPLIST_KEY_UILaunchStoryboardName = LaunchScreen;
				INFOPLIST_KEY_UISupportedInterfaceOrientations = UIInterfaceOrientationPortrait;
				INFOPLIST_KEY_UISupportedInterfaceOrientations_iPad = "UIInterfaceOrientationLandscapeLeft UIInterfaceOrientationLandscapeRight UIInterfaceOrientationPortrait UIInterfaceOrientationPortraitUpsideDown";
				IPHONEOS_DEPLOYMENT_TARGET = 14.0;
				LD_RUNPATH_SEARCH_PATHS = (
					"$(inherited)",
					"@executable_path/Frameworks",
				);
				MARKETING_VERSION = 1.0;
				PRODUCT_BUNDLE_IDENTIFIER = ru.fibeapp.GitFollowers;
				PRODUCT_NAME = "$(TARGET_NAME)";
				SWIFT_EMIT_LOC_STRINGS = YES;
				SWIFT_VERSION = 5.0;
				TARGETED_DEVICE_FAMILY = "1,2";
			};
			name = Debug;
		};
		2744165629E5687E00919B18 /* Release */ = {
			isa = XCBuildConfiguration;
			buildSettings = {
				ASSETCATALOG_COMPILER_APPICON_NAME = AppIcon;
				ASSETCATALOG_COMPILER_GLOBAL_ACCENT_COLOR_NAME = AccentColor;
				CODE_SIGN_STYLE = Automatic;
				CURRENT_PROJECT_VERSION = 1;
				DEVELOPMENT_TEAM = 723HTEFHBA;
				GENERATE_INFOPLIST_FILE = YES;
				INFOPLIST_FILE = GitFollowers/Info.plist;
				INFOPLIST_KEY_LSApplicationCategoryType = "public.app-category.developer-tools";
				INFOPLIST_KEY_UIApplicationSupportsIndirectInputEvents = YES;
				INFOPLIST_KEY_UILaunchStoryboardName = LaunchScreen;
				INFOPLIST_KEY_UISupportedInterfaceOrientations = UIInterfaceOrientationPortrait;
				INFOPLIST_KEY_UISupportedInterfaceOrientations_iPad = "UIInterfaceOrientationLandscapeLeft UIInterfaceOrientationLandscapeRight UIInterfaceOrientationPortrait UIInterfaceOrientationPortraitUpsideDown";
				IPHONEOS_DEPLOYMENT_TARGET = 14.0;
				LD_RUNPATH_SEARCH_PATHS = (
					"$(inherited)",
					"@executable_path/Frameworks",
				);
				MARKETING_VERSION = 1.0;
				PRODUCT_BUNDLE_IDENTIFIER = ru.fibeapp.GitFollowers;
				PRODUCT_NAME = "$(TARGET_NAME)";
				SWIFT_EMIT_LOC_STRINGS = YES;
				SWIFT_VERSION = 5.0;
				TARGETED_DEVICE_FAMILY = "1,2";
			};
			name = Release;
		};
/* End XCBuildConfiguration section */

/* Begin XCConfigurationList section */
		2744163B29E5687D00919B18 /* Build configuration list for PBXProject "GitFollowers" */ = {
			isa = XCConfigurationList;
			buildConfigurations = (
				2744165229E5687E00919B18 /* Debug */,
				2744165329E5687E00919B18 /* Release */,
			);
			defaultConfigurationIsVisible = 0;
			defaultConfigurationName = Release;
		};
		2744165429E5687E00919B18 /* Build configuration list for PBXNativeTarget "GitFollowers" */ = {
			isa = XCConfigurationList;
			buildConfigurations = (
				2744165529E5687E00919B18 /* Debug */,
				2744165629E5687E00919B18 /* Release */,
			);
			defaultConfigurationIsVisible = 0;
			defaultConfigurationName = Release;
		};
/* End XCConfigurationList section */
	};
	rootObject = 2744163829E5687D00919B18 /* Project object */;
}
